
Microsoft Visual Studio Solution File, Format Version 12.00
# Visual Studio 15
VisualStudioVersion = 15.0.27130.2003
MinimumVisualStudioVersion = 10.0.40219.1
Project("{FAE04EC0-301F-11D3-BF4B-00C04F79EFBC}") = "Udp_Client1", "Udp_Client1\Udp_Client1.csproj", "{DBFEE1B1-03B5-4A38-9925-120E7E00247B}"
EndProject
Project("{FAE04EC0-301F-11D3-BF4B-00C04F79EFBC}") = "Udp_Client2", "Udp_Client2\Udp_Client2.csproj", "{F8B60FB3-E2D8-418E-9043-2584CF1478C1}"
EndProject
Global
	GlobalSection(SolutionConfigurationPlatforms) = preSolution
		Debug|Any CPU = Debug|Any CPU
		Release|Any CPU = Release|Any CPU
	EndGlobalSection
	GlobalSection(ProjectConfigurationPlatforms) = postSolution
		{DBFEE1B1-03B5-4A38-9925-120E7E00247B}.Debug|Any CPU.ActiveCfg = Debug|Any CPU
		{DBFEE1B1-03B5-4A38-9925-120E7E00247B}.Debug|Any CPU.Build.0 = Debug|Any CPU
		{DBFEE1B1-03B5-4A38-9925-120E7E00247B}.Release|Any CPU.ActiveCfg = Release|Any CPU
		{DBFEE1B1-03B5-4A38-9925-120E7E00247B}.Release|Any CPU.Build.0 = Release|Any CPU
		{F8B60FB3-E2D8-418E-9043-2584CF1478C1}.Debug|Any CPU.ActiveCfg = Debug|Any CPU
		{F8B60FB3-E2D8-418E-9043-2584CF1478C1}.Debug|Any CPU.Build.0 = Debug|Any CPU
		{F8B60FB3-E2D8-418E-9043-2584CF1478C1}.Release|Any CPU.ActiveCfg = Release|Any CPU
		{F8B60FB3-E2D8-418E-9043-2584CF1478C1}.Release|Any CPU.Build.0 = Release|Any CPU
	EndGlobalSection
	GlobalSection(SolutionProperties) = preSolution
		HideSolutionNode = FALSE
	EndGlobalSection
	GlobalSection(ExtensibilityGlobals) = postSolution
		SolutionGuid = {B44E713C-86CF-47D3-B576-590202F452A0}
	EndGlobalSection
EndGlobal
